
Microsoft Visual Studio Solution File, Format Version 12.00
# Visual Studio Version 17
VisualStudioVersion = 17.14.36414.22
MinimumVisualStudioVersion = 10.0.40219.1
Project("{8BC9CEB8-8B4A-11D0-8D11-00A0C91BC942}") = "TextRpg", "TextRpg\TextRpg.vcxproj", "{90144A02-61A7-43E5-BCA7-B2C459D46D97}"
EndProject
Project("{8BC9CEB8-8B4A-11D0-8D11-00A0C91BC942}") = "TextRpg.Ver2", "TextRpg.Ver2\TextRpg.Ver2.vcxproj", "{10FDC3BF-AD5D-4B9F-B68C-7B0F2B7EA621}"
EndProject
Global
	GlobalSection(SolutionConfigurationPlatforms) = preSolution
		Debug|x64 = Debug|x64
		Debug|x86 = Debug|x86
		Release|x64 = Release|x64
		Release|x86 = Release|x86
	EndGlobalSection
	GlobalSection(ProjectConfigurationPlatforms) = postSolution
		{90144A02-61A7-43E5-BCA7-B2C459D46D97}.Debug|x64.ActiveCfg = Debug|x64
		{90144A02-61A7-43E5-BCA7-B2C459D46D97}.Debug|x64.Build.0 = Debug|x64
		{90144A02-61A7-43E5-BCA7-B2C459D46D97}.Debug|x86.ActiveCfg = Debug|Win32
		{90144A02-61A7-43E5-BCA7-B2C459D46D97}.Debug|x86.Build.0 = Debug|Win32
		{90144A02-61A7-43E5-BCA7-B2C459D46D97}.Release|x64.ActiveCfg = Release|x64
		{90144A02-61A7-43E5-BCA7-B2C459D46D97}.Release|x64.Build.0 = Release|x64
		{90144A02-61A7-43E5-BCA7-B2C459D46D97}.Release|x86.ActiveCfg = Release|Win32
		{90144A02-61A7-43E5-BCA7-B2C459D46D97}.Release|x86.Build.0 = Release|Win32
		{10FDC3BF-AD5D-4B9F-B68C-7B0F2B7EA621}.Debug|x64.ActiveCfg = Debug|x64
		{10FDC3BF-AD5D-4B9F-B68C-7B0F2B7EA621}.Debug|x64.Build.0 = Debug|x64
		{10FDC3BF-AD5D-4B9F-B68C-7B0F2B7EA621}.Debug|x86.ActiveCfg = Debug|Win32
		{10FDC3BF-AD5D-4B9F-B68C-7B0F2B7EA621}.Debug|x86.Build.0 = Debug|Win32
		{10FDC3BF-AD5D-4B9F-B68C-7B0F2B7EA621}.Release|x64.ActiveCfg = Release|x64
		{10FDC3BF-AD5D-4B9F-B68C-7B0F2B7EA621}.Release|x64.Build.0 = Release|x64
		{10FDC3BF-AD5D-4B9F-B68C-7B0F2B7EA621}.Release|x86.ActiveCfg = Release|Win32
		{10FDC3BF-AD5D-4B9F-B68C-7B0F2B7EA621}.Release|x86.Build.0 = Release|Win32
	EndGlobalSection
	GlobalSection(SolutionProperties) = preSolution
		HideSolutionNode = FALSE
	EndGlobalSection
	GlobalSection(ExtensibilityGlobals) = postSolution
		SolutionGuid = {0F8CA680-99EC-4BB9-A718-FD6BD65C844F}
	EndGlobalSection
EndGlobal
